
Microsoft Visual Studio Solution File, Format Version 12.00
# Visual Studio Version 16
VisualStudioVersion = 16.0.31624.102
MinimumVisualStudioVersion = 10.0.40219.1
Project("{FAE04EC0-301F-11D3-BF4B-00C04F79EFBC}") = "match3", "match3\match3.csproj", "{C03BA959-BBDB-43B1-9941-EA92174600F3}"
EndProject
Global
	GlobalSection(SolutionConfigurationPlatforms) = preSolution
		Debug|Any CPU = Debug|Any CPU
		Release|Any CPU = Release|Any CPU
	EndGlobalSection
	GlobalSection(ProjectConfigurationPlatforms) = postSolution
		{C03BA959-BBDB-43B1-9941-EA92174600F3}.Debug|Any CPU.ActiveCfg = Debug|Any CPU
		{C03BA959-BBDB-43B1-9941-EA92174600F3}.Debug|Any CPU.Build.0 = Debug|Any CPU
		{C03BA959-BBDB-43B1-9941-EA92174600F3}.Release|Any CPU.ActiveCfg = Release|Any CPU
		{C03BA959-BBDB-43B1-9941-EA92174600F3}.Release|Any CPU.Build.0 = Release|Any CPU
	EndGlobalSection
	GlobalSection(SolutionProperties) = preSolution
		HideSolutionNode = FALSE
	EndGlobalSection
	GlobalSection(ExtensibilityGlobals) = postSolution
		SolutionGuid = {53F1582D-F524-4E0A-950D-D2FE8BFBA6E4}
	EndGlobalSection
EndGlobal
